
Microsoft Visual Studio Solution File, Format Version 12.00
# Visual Studio Version 16
VisualStudioVersion = 16.0.810.4
MinimumVisualStudioVersion = 10.0.40219.1
Project("{FAE04EC0-301F-11D3-BF4B-00C04F79EFBC}") = "TodoBlazor", "TodoBlazor.csproj", "{D912673C-F93D-47A1-B7F4-C35B5E24800A}"
EndProject
Global
	GlobalSection(SolutionConfigurationPlatforms) = preSolution
		Debug|Any CPU = Debug|Any CPU
		Release|Any CPU = Release|Any CPU
	EndGlobalSection
	GlobalSection(ProjectConfigurationPlatforms) = postSolution
		{D912673C-F93D-47A1-B7F4-C35B5E24800A}.Debug|Any CPU.ActiveCfg = Debug|Any CPU
		{D912673C-F93D-47A1-B7F4-C35B5E24800A}.Debug|Any CPU.Build.0 = Debug|Any CPU
		{D912673C-F93D-47A1-B7F4-C35B5E24800A}.Release|Any CPU.ActiveCfg = Release|Any CPU
		{D912673C-F93D-47A1-B7F4-C35B5E24800A}.Release|Any CPU.Build.0 = Release|Any CPU
	EndGlobalSection
	GlobalSection(SolutionProperties) = preSolution
		HideSolutionNode = FALSE
	EndGlobalSection
	GlobalSection(ExtensibilityGlobals) = postSolution
		SolutionGuid = {799DE5A3-83BC-4D64-A2D0-09EA1F8BCACC}
	EndGlobalSection
EndGlobal
